
Microsoft Visual Studio Solution File, Format Version 12.00
# Visual Studio 15
VisualStudioVersion = 15.0.26730.12
MinimumVisualStudioVersion = 10.0.40219.1
Project("{9A19103F-16F7-4668-BE54-9A1E7A4F7556}") = "Brickweave.Cqrs", "src\Brickweave.Cqrs\Brickweave.Cqrs.csproj", "{1D489B4C-DBEA-46F6-AF8B-76B67E52F45A}"
EndProject
Project("{9A19103F-16F7-4668-BE54-9A1E7A4F7556}") = "Brickweave.Cqrs.Tests", "tests\Brickweave.Cqrs.Tests\Brickweave.Cqrs.Tests.csproj", "{160765BC-8B34-4661-88E7-3BBCD5A3F123}"
EndProject
Project("{9A19103F-16F7-4668-BE54-9A1E7A4F7556}") = "Brickweave.Samples.Domain", "samples\Brickweave.Samples.Domain\Brickweave.Samples.Domain.csproj", "{53832B81-4C41-4331-91FD-472E640D59D4}"
EndProject
Project("{9A19103F-16F7-4668-BE54-9A1E7A4F7556}") = "Brickweave.Samples.WebApp.Tests", "samples\Brickweave.Samples.WebApp.Tests\Brickweave.Samples.WebApp.Tests.csproj", "{36E14955-4181-452B-B4C1-024417B6012B}"
EndProject
Project("{9A19103F-16F7-4668-BE54-9A1E7A4F7556}") = "Brickweave.Samples.Persistence.SqlServer", "samples\Brickweave.Samples.Persistence.SqlServer\Brickweave.Samples.Persistence.SqlServer.csproj", "{A2263DAF-F50E-4D2A-819F-68471C1B6334}"
EndProject
Project("{2150E333-8FDC-42A3-9474-1A3956D46DE8}") = "src", "src", "{685B773C-8922-47C0-9144-4219E1AF5A0C}"
EndProject
Project("{2150E333-8FDC-42A3-9474-1A3956D46DE8}") = "tests", "tests", "{01363C09-641F-41CF-857A-E93663279BB5}"
EndProject
Project("{2150E333-8FDC-42A3-9474-1A3956D46DE8}") = "samples", "samples", "{0FEF9B3D-FB35-4B88-95F1-5FC50B032C6A}"
EndProject
Project("{9A19103F-16F7-4668-BE54-9A1E7A4F7556}") = "Brickweave.EventStore", "src\Brickweave.EventStore\Brickweave.EventStore.csproj", "{C8F637F6-EE00-4B80-B7E7-67F81FCCC187}"
EndProject
Project("{9A19103F-16F7-4668-BE54-9A1E7A4F7556}") = "Brickweave.EventStore.Tests", "tests\Brickweave.EventStore.Tests\Brickweave.EventStore.Tests.csproj", "{84C42B11-DB45-45CA-A899-1BC5CFCC3896}"
EndProject
Project("{9A19103F-16F7-4668-BE54-9A1E7A4F7556}") = "Brickweave.Domain", "src\Brickweave.Domain\Brickweave.Domain.csproj", "{CFC08848-142F-4B8B-97C4-C05BAC7D02EA}"
EndProject
Project("{9A19103F-16F7-4668-BE54-9A1E7A4F7556}") = "Brickweave.Domain.Tests", "tests\Brickweave.Domain.Tests\Brickweave.Domain.Tests.csproj", "{92143BB5-AB0C-4348-A9DD-2AF6CA5E647F}"
EndProject
Project("{9A19103F-16F7-4668-BE54-9A1E7A4F7556}") = "Brickweave.EventStore.SqlServer", "src\Brickweave.EventStore.SqlServer\Brickweave.EventStore.SqlServer.csproj", "{555EA9B8-23E8-4589-A6D9-EB367D286FB2}"
EndProject
Project("{9A19103F-16F7-4668-BE54-9A1E7A4F7556}") = "Brickweave.EventStore.SqlServer.Tests", "tests\Brickweave.EventStore.SqlServer.Tests\Brickweave.EventStore.SqlServer.Tests.csproj", "{16B9DB58-75D7-4AAF-B688-5990A51E26C4}"
EndProject
Project("{9A19103F-16F7-4668-BE54-9A1E7A4F7556}") = "Brickweave.Cqrs.Cli", "src\Brickweave.Cqrs.Cli\Brickweave.Cqrs.Cli.csproj", "{BBED01BB-BFAC-4DE4-8075-0CCD1BBDABAE}"
EndProject
Project("{9A19103F-16F7-4668-BE54-9A1E7A4F7556}") = "Brickweave.Cqrs.Cli.Tests", "tests\Brickweave.Cqrs.Cli.Tests\Brickweave.Cqrs.Cli.Tests.csproj", "{C70CB2D9-AA78-4A66-8AB1-2FB327023BFA}"
EndProject
Project("{9A19103F-16F7-4668-BE54-9A1E7A4F7556}") = "Brickweave.Messaging", "src\Brickweave.Messaging\Brickweave.Messaging.csproj", "{E8C5D75B-30E9-4067-9AA9-E046BE589AEF}"
EndProject
Project("{9A19103F-16F7-4668-BE54-9A1E7A4F7556}") = "Brickweave.Messaging.ServiceBus", "src\Brickweave.Messaging.ServiceBus\Brickweave.Messaging.ServiceBus.csproj", "{6D1950A8-EFED-4EE2-848D-3EF24BED2240}"
EndProject
Project("{9A19103F-16F7-4668-BE54-9A1E7A4F7556}") = "Brickweave.Messaging.ServiceBus.Tests", "tests\Brickweave.Messaging.ServiceBus.Tests\Brickweave.Messaging.ServiceBus.Tests.csproj", "{A09ABF03-1602-481C-BA9E-2C22BB813C23}"
EndProject
Project("{9A19103F-16F7-4668-BE54-9A1E7A4F7556}") = "Brickweave.Messaging.Tests", "tests\Brickweave.Messaging.Tests\Brickweave.Messaging.Tests.csproj", "{2B0A39A0-B576-4DE2-9022-2488DC23EB68}"
EndProject
Project("{9A19103F-16F7-4668-BE54-9A1E7A4F7556}") = "Brickweave.Identity.WebApp", "samples\Brickweave.Identity.WebApp\Brickweave.Identity.WebApp.csproj", "{E266E587-D34D-4247-8784-BD2C981CD94D}"
EndProject
Project("{9A19103F-16F7-4668-BE54-9A1E7A4F7556}") = "Brickweave.Samples.WebApp", "samples\Brickweave.Samples.WebApp\Brickweave.Samples.WebApp.csproj", "{B6147E2B-4A89-459C-B346-FF5EC57BB1A8}"
EndProject
Project("{2150E333-8FDC-42A3-9474-1A3956D46DE8}") = "tests", "tests", "{E8A86ACD-531D-40FB-B57D-0B41DC06DF4A}"
EndProject
Project("{9A19103F-16F7-4668-BE54-9A1E7A4F7556}") = "Brickweave.Samples.Projection.Tests", "samples\Brickweave.Samples.Projection.Test\Brickweave.Samples.Projection.Tests.csproj", "{7CE6AAB4-7577-45B3-A847-4E56266CFFF6}"
EndProject
Project("{9A19103F-16F7-4668-BE54-9A1E7A4F7556}") = "Brickweave.Samples.Projection", "samples\Brickweave.Samples.Projection\Brickweave.Samples.Projection.csproj", "{DB3913C8-99EB-47E2-9AE5-ED5588A36C48}"
EndProject
Global
	GlobalSection(SolutionConfigurationPlatforms) = preSolution
		Debug|Any CPU = Debug|Any CPU
		Release|Any CPU = Release|Any CPU
	EndGlobalSection
	GlobalSection(ProjectConfigurationPlatforms) = postSolution
		{1D489B4C-DBEA-46F6-AF8B-76B67E52F45A}.Debug|Any CPU.ActiveCfg = Debug|Any CPU
		{1D489B4C-DBEA-46F6-AF8B-76B67E52F45A}.Debug|Any CPU.Build.0 = Debug|Any CPU
		{1D489B4C-DBEA-46F6-AF8B-76B67E52F45A}.Release|Any CPU.ActiveCfg = Release|Any CPU
		{1D489B4C-DBEA-46F6-AF8B-76B67E52F45A}.Release|Any CPU.Build.0 = Release|Any CPU
		{160765BC-8B34-4661-88E7-3BBCD5A3F123}.Debug|Any CPU.ActiveCfg = Debug|Any CPU
		{160765BC-8B34-4661-88E7-3BBCD5A3F123}.Debug|Any CPU.Build.0 = Debug|Any CPU
		{160765BC-8B34-4661-88E7-3BBCD5A3F123}.Release|Any CPU.ActiveCfg = Release|Any CPU
		{160765BC-8B34-4661-88E7-3BBCD5A3F123}.Release|Any CPU.Build.0 = Release|Any CPU
		{53832B81-4C41-4331-91FD-472E640D59D4}.Debug|Any CPU.ActiveCfg = Debug|Any CPU
		{53832B81-4C41-4331-91FD-472E640D59D4}.Debug|Any CPU.Build.0 = Debug|Any CPU
		{53832B81-4C41-4331-91FD-472E640D59D4}.Release|Any CPU.ActiveCfg = Release|Any CPU
		{53832B81-4C41-4331-91FD-472E640D59D4}.Release|Any CPU.Build.0 = Release|Any CPU
		{36E14955-4181-452B-B4C1-024417B6012B}.Debug|Any CPU.ActiveCfg = Debug|Any CPU
		{36E14955-4181-452B-B4C1-024417B6012B}.Debug|Any CPU.Build.0 = Debug|Any CPU
		{36E14955-4181-452B-B4C1-024417B6012B}.Release|Any CPU.ActiveCfg = Release|Any CPU
		{36E14955-4181-452B-B4C1-024417B6012B}.Release|Any CPU.Build.0 = Release|Any CPU
		{A2263DAF-F50E-4D2A-819F-68471C1B6334}.Debug|Any CPU.ActiveCfg = Debug|Any CPU
		{A2263DAF-F50E-4D2A-819F-68471C1B6334}.Debug|Any CPU.Build.0 = Debug|Any CPU
		{A2263DAF-F50E-4D2A-819F-68471C1B6334}.Release|Any CPU.ActiveCfg = Release|Any CPU
		{A2263DAF-F50E-4D2A-819F-68471C1B6334}.Release|Any CPU.Build.0 = Release|Any CPU
		{C8F637F6-EE00-4B80-B7E7-67F81FCCC187}.Debug|Any CPU.ActiveCfg = Debug|Any CPU
		{C8F637F6-EE00-4B80-B7E7-67F81FCCC187}.Debug|Any CPU.Build.0 = Debug|Any CPU
		{C8F637F6-EE00-4B80-B7E7-67F81FCCC187}.Release|Any CPU.ActiveCfg = Release|Any CPU
		{C8F637F6-EE00-4B80-B7E7-67F81FCCC187}.Release|Any CPU.Build.0 = Release|Any CPU
		{84C42B11-DB45-45CA-A899-1BC5CFCC3896}.Debug|Any CPU.ActiveCfg = Debug|Any CPU
		{84C42B11-DB45-45CA-A899-1BC5CFCC3896}.Debug|Any CPU.Build.0 = Debug|Any CPU
		{84C42B11-DB45-45CA-A899-1BC5CFCC3896}.Release|Any CPU.ActiveCfg = Release|Any CPU
		{84C42B11-DB45-45CA-A899-1BC5CFCC3896}.Release|Any CPU.Build.0 = Release|Any CPU
		{CFC08848-142F-4B8B-97C4-C05BAC7D02EA}.Debug|Any CPU.ActiveCfg = Debug|Any CPU
		{CFC08848-142F-4B8B-97C4-C05BAC7D02EA}.Debug|Any CPU.Build.0 = Debug|Any CPU
		{CFC08848-142F-4B8B-97C4-C05BAC7D02EA}.Release|Any CPU.ActiveCfg = Release|Any CPU
		{CFC08848-142F-4B8B-97C4-C05BAC7D02EA}.Release|Any CPU.Build.0 = Release|Any CPU
		{92143BB5-AB0C-4348-A9DD-2AF6CA5E647F}.Debug|Any CPU.ActiveCfg = Debug|Any CPU
		{92143BB5-AB0C-4348-A9DD-2AF6CA5E647F}.Debug|Any CPU.Build.0 = Debug|Any CPU
		{92143BB5-AB0C-4348-A9DD-2AF6CA5E647F}.Release|Any CPU.ActiveCfg = Release|Any CPU
		{92143BB5-AB0C-4348-A9DD-2AF6CA5E647F}.Release|Any CPU.Build.0 = Release|Any CPU
		{555EA9B8-23E8-4589-A6D9-EB367D286FB2}.Debug|Any CPU.ActiveCfg = Debug|Any CPU
		{555EA9B8-23E8-4589-A6D9-EB367D286FB2}.Debug|Any CPU.Build.0 = Debug|Any CPU
		{555EA9B8-23E8-4589-A6D9-EB367D286FB2}.Release|Any CPU.ActiveCfg = Release|Any CPU
		{555EA9B8-23E8-4589-A6D9-EB367D286FB2}.Release|Any CPU.Build.0 = Release|Any CPU
		{16B9DB58-75D7-4AAF-B688-5990A51E26C4}.Debug|Any CPU.ActiveCfg = Debug|Any CPU
		{16B9DB58-75D7-4AAF-B688-5990A51E26C4}.Debug|Any CPU.Build.0 = Debug|Any CPU
		{16B9DB58-75D7-4AAF-B688-5990A51E26C4}.Release|Any CPU.ActiveCfg = Release|Any CPU
		{16B9DB58-75D7-4AAF-B688-5990A51E26C4}.Release|Any CPU.Build.0 = Release|Any CPU
		{BBED01BB-BFAC-4DE4-8075-0CCD1BBDABAE}.Debug|Any CPU.ActiveCfg = Debug|Any CPU
		{BBED01BB-BFAC-4DE4-8075-0CCD1BBDABAE}.Debug|Any CPU.Build.0 = Debug|Any CPU
		{BBED01BB-BFAC-4DE4-8075-0CCD1BBDABAE}.Release|Any CPU.ActiveCfg = Release|Any CPU
		{BBED01BB-BFAC-4DE4-8075-0CCD1BBDABAE}.Release|Any CPU.Build.0 = Release|Any CPU
		{C70CB2D9-AA78-4A66-8AB1-2FB327023BFA}.Debug|Any CPU.ActiveCfg = Debug|Any CPU
		{C70CB2D9-AA78-4A66-8AB1-2FB327023BFA}.Debug|Any CPU.Build.0 = Debug|Any CPU
		{C70CB2D9-AA78-4A66-8AB1-2FB327023BFA}.Release|Any CPU.ActiveCfg = Release|Any CPU
		{C70CB2D9-AA78-4A66-8AB1-2FB327023BFA}.Release|Any CPU.Build.0 = Release|Any CPU
		{E8C5D75B-30E9-4067-9AA9-E046BE589AEF}.Debug|Any CPU.ActiveCfg = Debug|Any CPU
		{E8C5D75B-30E9-4067-9AA9-E046BE589AEF}.Debug|Any CPU.Build.0 = Debug|Any CPU
		{E8C5D75B-30E9-4067-9AA9-E046BE589AEF}.Release|Any CPU.ActiveCfg = Release|Any CPU
		{E8C5D75B-30E9-4067-9AA9-E046BE589AEF}.Release|Any CPU.Build.0 = Release|Any CPU
		{6D1950A8-EFED-4EE2-848D-3EF24BED2240}.Debug|Any CPU.ActiveCfg = Debug|Any CPU
		{6D1950A8-EFED-4EE2-848D-3EF24BED2240}.Debug|Any CPU.Build.0 = Debug|Any CPU
		{6D1950A8-EFED-4EE2-848D-3EF24BED2240}.Release|Any CPU.ActiveCfg = Release|Any CPU
		{6D1950A8-EFED-4EE2-848D-3EF24BED2240}.Release|Any CPU.Build.0 = Release|Any CPU
		{A09ABF03-1602-481C-BA9E-2C22BB813C23}.Debug|Any CPU.ActiveCfg = Debug|Any CPU
		{A09ABF03-1602-481C-BA9E-2C22BB813C23}.Debug|Any CPU.Build.0 = Debug|Any CPU
		{A09ABF03-1602-481C-BA9E-2C22BB813C23}.Release|Any CPU.ActiveCfg = Release|Any CPU
		{A09ABF03-1602-481C-BA9E-2C22BB813C23}.Release|Any CPU.Build.0 = Release|Any CPU
		{2B0A39A0-B576-4DE2-9022-2488DC23EB68}.Debug|Any CPU.ActiveCfg = Debug|Any CPU
		{2B0A39A0-B576-4DE2-9022-2488DC23EB68}.Debug|Any CPU.Build.0 = Debug|Any CPU
		{2B0A39A0-B576-4DE2-9022-2488DC23EB68}.Release|Any CPU.ActiveCfg = Release|Any CPU
		{2B0A39A0-B576-4DE2-9022-2488DC23EB68}.Release|Any CPU.Build.0 = Release|Any CPU
		{E266E587-D34D-4247-8784-BD2C981CD94D}.Debug|Any CPU.ActiveCfg = Debug|Any CPU
		{E266E587-D34D-4247-8784-BD2C981CD94D}.Debug|Any CPU.Build.0 = Debug|Any CPU
		{E266E587-D34D-4247-8784-BD2C981CD94D}.Release|Any CPU.ActiveCfg = Release|Any CPU
		{E266E587-D34D-4247-8784-BD2C981CD94D}.Release|Any CPU.Build.0 = Release|Any CPU
		{B6147E2B-4A89-459C-B346-FF5EC57BB1A8}.Debug|Any CPU.ActiveCfg = Debug|Any CPU
		{B6147E2B-4A89-459C-B346-FF5EC57BB1A8}.Debug|Any CPU.Build.0 = Debug|Any CPU
		{B6147E2B-4A89-459C-B346-FF5EC57BB1A8}.Release|Any CPU.ActiveCfg = Release|Any CPU
		{B6147E2B-4A89-459C-B346-FF5EC57BB1A8}.Release|Any CPU.Build.0 = Release|Any CPU
		{7CE6AAB4-7577-45B3-A847-4E56266CFFF6}.Debug|Any CPU.ActiveCfg = Debug|Any CPU
		{7CE6AAB4-7577-45B3-A847-4E56266CFFF6}.Debug|Any CPU.Build.0 = Debug|Any CPU
		{7CE6AAB4-7577-45B3-A847-4E56266CFFF6}.Release|Any CPU.ActiveCfg = Release|Any CPU
		{7CE6AAB4-7577-45B3-A847-4E56266CFFF6}.Release|Any CPU.Build.0 = Release|Any CPU
		{DB3913C8-99EB-47E2-9AE5-ED5588A36C48}.Debug|Any CPU.ActiveCfg = Debug|Any CPU
		{DB3913C8-99EB-47E2-9AE5-ED5588A36C48}.Debug|Any CPU.Build.0 = Debug|Any CPU
		{DB3913C8-99EB-47E2-9AE5-ED5588A36C48}.Release|Any CPU.ActiveCfg = Release|Any CPU
		{DB3913C8-99EB-47E2-9AE5-ED5588A36C48}.Release|Any CPU.Build.0 = Release|Any CPU
	EndGlobalSection
	GlobalSection(SolutionProperties) = preSolution
		HideSolutionNode = FALSE
	EndGlobalSection
	GlobalSection(NestedProjects) = preSolution
		{1D489B4C-DBEA-46F6-AF8B-76B67E52F45A} = {685B773C-8922-47C0-9144-4219E1AF5A0C}
		{160765BC-8B34-4661-88E7-3BBCD5A3F123} = {01363C09-641F-41CF-857A-E93663279BB5}
		{53832B81-4C41-4331-91FD-472E640D59D4} = {0FEF9B3D-FB35-4B88-95F1-5FC50B032C6A}
		{36E14955-4181-452B-B4C1-024417B6012B} = {E8A86ACD-531D-40FB-B57D-0B41DC06DF4A}
		{A2263DAF-F50E-4D2A-819F-68471C1B6334} = {0FEF9B3D-FB35-4B88-95F1-5FC50B032C6A}
		{C8F637F6-EE00-4B80-B7E7-67F81FCCC187} = {685B773C-8922-47C0-9144-4219E1AF5A0C}
		{84C42B11-DB45-45CA-A899-1BC5CFCC3896} = {01363C09-641F-41CF-857A-E93663279BB5}
		{CFC08848-142F-4B8B-97C4-C05BAC7D02EA} = {685B773C-8922-47C0-9144-4219E1AF5A0C}
		{92143BB5-AB0C-4348-A9DD-2AF6CA5E647F} = {01363C09-641F-41CF-857A-E93663279BB5}
		{555EA9B8-23E8-4589-A6D9-EB367D286FB2} = {685B773C-8922-47C0-9144-4219E1AF5A0C}
		{16B9DB58-75D7-4AAF-B688-5990A51E26C4} = {01363C09-641F-41CF-857A-E93663279BB5}
		{BBED01BB-BFAC-4DE4-8075-0CCD1BBDABAE} = {685B773C-8922-47C0-9144-4219E1AF5A0C}
		{C70CB2D9-AA78-4A66-8AB1-2FB327023BFA} = {01363C09-641F-41CF-857A-E93663279BB5}
		{E8C5D75B-30E9-4067-9AA9-E046BE589AEF} = {685B773C-8922-47C0-9144-4219E1AF5A0C}
		{6D1950A8-EFED-4EE2-848D-3EF24BED2240} = {685B773C-8922-47C0-9144-4219E1AF5A0C}
		{A09ABF03-1602-481C-BA9E-2C22BB813C23} = {01363C09-641F-41CF-857A-E93663279BB5}
		{2B0A39A0-B576-4DE2-9022-2488DC23EB68} = {01363C09-641F-41CF-857A-E93663279BB5}
		{E266E587-D34D-4247-8784-BD2C981CD94D} = {0FEF9B3D-FB35-4B88-95F1-5FC50B032C6A}
		{B6147E2B-4A89-459C-B346-FF5EC57BB1A8} = {0FEF9B3D-FB35-4B88-95F1-5FC50B032C6A}
		{E8A86ACD-531D-40FB-B57D-0B41DC06DF4A} = {0FEF9B3D-FB35-4B88-95F1-5FC50B032C6A}
		{7CE6AAB4-7577-45B3-A847-4E56266CFFF6} = {E8A86ACD-531D-40FB-B57D-0B41DC06DF4A}
		{DB3913C8-99EB-47E2-9AE5-ED5588A36C48} = {0FEF9B3D-FB35-4B88-95F1-5FC50B032C6A}
	EndGlobalSection
	GlobalSection(ExtensibilityGlobals) = postSolution
		SolutionGuid = {4E8CFE0E-1064-4953-B2D7-545AE105B2D9}
	EndGlobalSection
EndGlobal
