
Microsoft Visual Studio Solution File, Format Version 12.00
# Visual Studio 15
VisualStudioVersion = 15.0.26730.12
MinimumVisualStudioVersion = 10.0.40219.1
Project("{9A19103F-16F7-4668-BE54-9A1E7A4F7556}") = "Brickweave.Cqrs", "src\Brickweave.Cqrs\Brickweave.Cqrs.csproj", "{1D489B4C-DBEA-46F6-AF8B-76B67E52F45A}"
EndProject
Project("{9A19103F-16F7-4668-BE54-9A1E7A4F7556}") = "Brickweave.Cqrs.Tests", "tests\Brickweave.Cqrs.Tests\Brickweave.Cqrs.Tests.csproj", "{160765BC-8B34-4661-88E7-3BBCD5A3F123}"
EndProject
Project("{9A19103F-16F7-4668-BE54-9A1E7A4F7556}") = "Brickweave.Samples.WebApp", "samples\Brickweave.Samples.WebApp\Brickweave.Samples.WebApp.csproj", "{5C6A03B9-1295-4BD3-8430-76E340F45410}"
EndProject
Project("{9A19103F-16F7-4668-BE54-9A1E7A4F7556}") = "Brickweave.Samples.Domain", "samples\Brickweave.Samples.Domain\Brickweave.Samples.Domain.csproj", "{53832B81-4C41-4331-91FD-472E640D59D4}"
EndProject
Project("{9A19103F-16F7-4668-BE54-9A1E7A4F7556}") = "Brickweave.Samples.WebApp.Tests", "samples\Brickweave.Samples.WebApp.Tests\Brickweave.Samples.WebApp.Tests.csproj", "{36E14955-4181-452B-B4C1-024417B6012B}"
EndProject
Project("{9A19103F-16F7-4668-BE54-9A1E7A4F7556}") = "Brickweave.Samples.Persistence.SqlServer", "samples\Brickweave.Samples.Persistence.SqlServer\Brickweave.Samples.Persistence.SqlServer.csproj", "{A2263DAF-F50E-4D2A-819F-68471C1B6334}"
EndProject
Project("{2150E333-8FDC-42A3-9474-1A3956D46DE8}") = "src", "src", "{685B773C-8922-47C0-9144-4219E1AF5A0C}"
EndProject
Project("{2150E333-8FDC-42A3-9474-1A3956D46DE8}") = "tests", "tests", "{01363C09-641F-41CF-857A-E93663279BB5}"
EndProject
Project("{2150E333-8FDC-42A3-9474-1A3956D46DE8}") = "samples", "samples", "{0FEF9B3D-FB35-4B88-95F1-5FC50B032C6A}"
EndProject
Global
	GlobalSection(SolutionConfigurationPlatforms) = preSolution
		Debug|Any CPU = Debug|Any CPU
		Release|Any CPU = Release|Any CPU
	EndGlobalSection
	GlobalSection(ProjectConfigurationPlatforms) = postSolution
		{1D489B4C-DBEA-46F6-AF8B-76B67E52F45A}.Debug|Any CPU.ActiveCfg = Debug|Any CPU
		{1D489B4C-DBEA-46F6-AF8B-76B67E52F45A}.Debug|Any CPU.Build.0 = Debug|Any CPU
		{1D489B4C-DBEA-46F6-AF8B-76B67E52F45A}.Release|Any CPU.ActiveCfg = Release|Any CPU
		{1D489B4C-DBEA-46F6-AF8B-76B67E52F45A}.Release|Any CPU.Build.0 = Release|Any CPU
		{160765BC-8B34-4661-88E7-3BBCD5A3F123}.Debug|Any CPU.ActiveCfg = Debug|Any CPU
		{160765BC-8B34-4661-88E7-3BBCD5A3F123}.Debug|Any CPU.Build.0 = Debug|Any CPU
		{160765BC-8B34-4661-88E7-3BBCD5A3F123}.Release|Any CPU.ActiveCfg = Release|Any CPU
		{160765BC-8B34-4661-88E7-3BBCD5A3F123}.Release|Any CPU.Build.0 = Release|Any CPU
		{5C6A03B9-1295-4BD3-8430-76E340F45410}.Debug|Any CPU.ActiveCfg = Debug|Any CPU
		{5C6A03B9-1295-4BD3-8430-76E340F45410}.Debug|Any CPU.Build.0 = Debug|Any CPU
		{5C6A03B9-1295-4BD3-8430-76E340F45410}.Release|Any CPU.ActiveCfg = Release|Any CPU
		{5C6A03B9-1295-4BD3-8430-76E340F45410}.Release|Any CPU.Build.0 = Release|Any CPU
		{53832B81-4C41-4331-91FD-472E640D59D4}.Debug|Any CPU.ActiveCfg = Debug|Any CPU
		{53832B81-4C41-4331-91FD-472E640D59D4}.Debug|Any CPU.Build.0 = Debug|Any CPU
		{53832B81-4C41-4331-91FD-472E640D59D4}.Release|Any CPU.ActiveCfg = Release|Any CPU
		{53832B81-4C41-4331-91FD-472E640D59D4}.Release|Any CPU.Build.0 = Release|Any CPU
		{36E14955-4181-452B-B4C1-024417B6012B}.Debug|Any CPU.ActiveCfg = Debug|Any CPU
		{36E14955-4181-452B-B4C1-024417B6012B}.Debug|Any CPU.Build.0 = Debug|Any CPU
		{36E14955-4181-452B-B4C1-024417B6012B}.Release|Any CPU.ActiveCfg = Release|Any CPU
		{36E14955-4181-452B-B4C1-024417B6012B}.Release|Any CPU.Build.0 = Release|Any CPU
		{A2263DAF-F50E-4D2A-819F-68471C1B6334}.Debug|Any CPU.ActiveCfg = Debug|Any CPU
		{A2263DAF-F50E-4D2A-819F-68471C1B6334}.Debug|Any CPU.Build.0 = Debug|Any CPU
		{A2263DAF-F50E-4D2A-819F-68471C1B6334}.Release|Any CPU.ActiveCfg = Release|Any CPU
		{A2263DAF-F50E-4D2A-819F-68471C1B6334}.Release|Any CPU.Build.0 = Release|Any CPU
	EndGlobalSection
	GlobalSection(SolutionProperties) = preSolution
		HideSolutionNode = FALSE
	EndGlobalSection
	GlobalSection(NestedProjects) = preSolution
		{1D489B4C-DBEA-46F6-AF8B-76B67E52F45A} = {685B773C-8922-47C0-9144-4219E1AF5A0C}
		{160765BC-8B34-4661-88E7-3BBCD5A3F123} = {01363C09-641F-41CF-857A-E93663279BB5}
		{5C6A03B9-1295-4BD3-8430-76E340F45410} = {0FEF9B3D-FB35-4B88-95F1-5FC50B032C6A}
		{53832B81-4C41-4331-91FD-472E640D59D4} = {0FEF9B3D-FB35-4B88-95F1-5FC50B032C6A}
		{36E14955-4181-452B-B4C1-024417B6012B} = {0FEF9B3D-FB35-4B88-95F1-5FC50B032C6A}
		{A2263DAF-F50E-4D2A-819F-68471C1B6334} = {0FEF9B3D-FB35-4B88-95F1-5FC50B032C6A}
	EndGlobalSection
	GlobalSection(ExtensibilityGlobals) = postSolution
		SolutionGuid = {4E8CFE0E-1064-4953-B2D7-545AE105B2D9}
	EndGlobalSection
EndGlobal
