
Microsoft Visual Studio Solution File, Format Version 12.00
# Visual Studio 15
VisualStudioVersion = 15.0.26730.12
MinimumVisualStudioVersion = 10.0.40219.1
Project("{9A19103F-16F7-4668-BE54-9A1E7A4F7556}") = "Brickweave.Cqrs", "Brickweave.Cqrs\Brickweave.Cqrs.csproj", "{1D489B4C-DBEA-46F6-AF8B-76B67E52F45A}"
EndProject
Project("{9A19103F-16F7-4668-BE54-9A1E7A4F7556}") = "Brickweave.Cqrs.Tests", "Brickweave.Cqrs.Tests\Brickweave.Cqrs.Tests.csproj", "{160765BC-8B34-4661-88E7-3BBCD5A3F123}"
EndProject
Project("{FAE04EC0-301F-11D3-BF4B-00C04F79EFBC}") = "Brickweave.Core", "Brickweave.Core\Brickweave.Core.csproj", "{DC6F5F5A-18D0-4BE2-A168-A4F4C5E161C0}"
EndProject
Global
	GlobalSection(SolutionConfigurationPlatforms) = preSolution
		Debug|Any CPU = Debug|Any CPU
		Release|Any CPU = Release|Any CPU
	EndGlobalSection
	GlobalSection(ProjectConfigurationPlatforms) = postSolution
		{1D489B4C-DBEA-46F6-AF8B-76B67E52F45A}.Debug|Any CPU.ActiveCfg = Debug|Any CPU
		{1D489B4C-DBEA-46F6-AF8B-76B67E52F45A}.Debug|Any CPU.Build.0 = Debug|Any CPU
		{1D489B4C-DBEA-46F6-AF8B-76B67E52F45A}.Release|Any CPU.ActiveCfg = Release|Any CPU
		{1D489B4C-DBEA-46F6-AF8B-76B67E52F45A}.Release|Any CPU.Build.0 = Release|Any CPU
		{160765BC-8B34-4661-88E7-3BBCD5A3F123}.Debug|Any CPU.ActiveCfg = Debug|Any CPU
		{160765BC-8B34-4661-88E7-3BBCD5A3F123}.Debug|Any CPU.Build.0 = Debug|Any CPU
		{160765BC-8B34-4661-88E7-3BBCD5A3F123}.Release|Any CPU.ActiveCfg = Release|Any CPU
		{160765BC-8B34-4661-88E7-3BBCD5A3F123}.Release|Any CPU.Build.0 = Release|Any CPU
		{DC6F5F5A-18D0-4BE2-A168-A4F4C5E161C0}.Debug|Any CPU.ActiveCfg = Debug|Any CPU
		{DC6F5F5A-18D0-4BE2-A168-A4F4C5E161C0}.Debug|Any CPU.Build.0 = Debug|Any CPU
		{DC6F5F5A-18D0-4BE2-A168-A4F4C5E161C0}.Release|Any CPU.ActiveCfg = Release|Any CPU
		{DC6F5F5A-18D0-4BE2-A168-A4F4C5E161C0}.Release|Any CPU.Build.0 = Release|Any CPU
	EndGlobalSection
	GlobalSection(SolutionProperties) = preSolution
		HideSolutionNode = FALSE
	EndGlobalSection
	GlobalSection(ExtensibilityGlobals) = postSolution
		SolutionGuid = {4E8CFE0E-1064-4953-B2D7-545AE105B2D9}
	EndGlobalSection
EndGlobal
